
Microsoft Visual Studio Solution File, Format Version 12.00
# Visual Studio Version 17
VisualStudioVersion = 17.4.33110.190
MinimumVisualStudioVersion = 10.0.40219.1
Project("{9A19103F-16F7-4668-BE54-9A1E7A4F7556}") = "MicrosTestTask", "MicrosTestTask\MicrosTestTask.csproj", "{3850FDE2-400F-47FA-BBAC-565E08EB9354}"
EndProject
Project("{2150E333-8FDC-42A3-9474-1A3956D46DE8}") = "DAL", "DAL", "{CE729437-BCD6-4757-95A8-B4F040685B3C}"
EndProject
Project("{2150E333-8FDC-42A3-9474-1A3956D46DE8}") = "BLL", "BLL", "{84758CE7-0D80-4E5E-B38D-863AB5FB46B9}"
EndProject
Project("{9A19103F-16F7-4668-BE54-9A1E7A4F7556}") = "MicrosTestTask.DAL", "MicrosTestTask.DAL\MicrosTestTask.DAL.csproj", "{D9B5C293-3D82-40DE-A32E-5EAC423A7DE5}"
EndProject
Project("{9A19103F-16F7-4668-BE54-9A1E7A4F7556}") = "MicrosTestTask.BLL", "MicrosTestTask.BLL\MicrosTestTask.BLL.csproj", "{4F8D2D18-7C37-42CB-8161-60C4703520FC}"
EndProject
Global
	GlobalSection(SolutionConfigurationPlatforms) = preSolution
		Debug|Any CPU = Debug|Any CPU
		Release|Any CPU = Release|Any CPU
	EndGlobalSection
	GlobalSection(ProjectConfigurationPlatforms) = postSolution
		{3850FDE2-400F-47FA-BBAC-565E08EB9354}.Debug|Any CPU.ActiveCfg = Debug|Any CPU
		{3850FDE2-400F-47FA-BBAC-565E08EB9354}.Debug|Any CPU.Build.0 = Debug|Any CPU
		{3850FDE2-400F-47FA-BBAC-565E08EB9354}.Release|Any CPU.ActiveCfg = Release|Any CPU
		{3850FDE2-400F-47FA-BBAC-565E08EB9354}.Release|Any CPU.Build.0 = Release|Any CPU
		{D9B5C293-3D82-40DE-A32E-5EAC423A7DE5}.Debug|Any CPU.ActiveCfg = Debug|Any CPU
		{D9B5C293-3D82-40DE-A32E-5EAC423A7DE5}.Debug|Any CPU.Build.0 = Debug|Any CPU
		{D9B5C293-3D82-40DE-A32E-5EAC423A7DE5}.Release|Any CPU.ActiveCfg = Release|Any CPU
		{D9B5C293-3D82-40DE-A32E-5EAC423A7DE5}.Release|Any CPU.Build.0 = Release|Any CPU
		{4F8D2D18-7C37-42CB-8161-60C4703520FC}.Debug|Any CPU.ActiveCfg = Debug|Any CPU
		{4F8D2D18-7C37-42CB-8161-60C4703520FC}.Debug|Any CPU.Build.0 = Debug|Any CPU
		{4F8D2D18-7C37-42CB-8161-60C4703520FC}.Release|Any CPU.ActiveCfg = Release|Any CPU
		{4F8D2D18-7C37-42CB-8161-60C4703520FC}.Release|Any CPU.Build.0 = Release|Any CPU
	EndGlobalSection
	GlobalSection(SolutionProperties) = preSolution
		HideSolutionNode = FALSE
	EndGlobalSection
	GlobalSection(NestedProjects) = preSolution
		{D9B5C293-3D82-40DE-A32E-5EAC423A7DE5} = {CE729437-BCD6-4757-95A8-B4F040685B3C}
		{4F8D2D18-7C37-42CB-8161-60C4703520FC} = {84758CE7-0D80-4E5E-B38D-863AB5FB46B9}
	EndGlobalSection
	GlobalSection(ExtensibilityGlobals) = postSolution
		SolutionGuid = {4EF5EF54-A01D-433E-AD52-EBCEF719DE8D}
	EndGlobalSection
EndGlobal
